{
  "pins" : [
    {
      "identity" : "ios-frameworks-qdskit",
      "kind" : "remoteSourceControl",
      "location" : "https://github.com/mathpresso/ios-frameworks-QDSKit",
      "state" : {
        "revision" : "30088c6a5c23f594d62cec15a5760ce3294c80ff",
        "version" : "1.3.10"
      }
    }
  ],
  "version" : 2
}
